
Microsoft Visual Studio Solution File, Format Version 12.00
# Visual Studio Version 16
VisualStudioVersion = 16.0.32802.440
MinimumVisualStudioVersion = 10.0.40219.1
Project("{9A19103F-16F7-4668-BE54-9A1E7A4F7556}") = "StringUtility", "StringUtility\StringUtility.csproj", "{FEE32D0F-9E95-4506-9C4A-51EBA280E254}"
EndProject
Project("{FAE04EC0-301F-11D3-BF4B-00C04F79EFBC}") = "TestStringUtility", "TestStringUtility\TestStringUtility.csproj", "{7C9A3C15-F646-4397-BAC7-F1232DEA9466}"
EndProject
Global
	GlobalSection(SolutionConfigurationPlatforms) = preSolution
		Debug|Any CPU = Debug|Any CPU
		Release|Any CPU = Release|Any CPU
	EndGlobalSection
	GlobalSection(ProjectConfigurationPlatforms) = postSolution
		{FEE32D0F-9E95-4506-9C4A-51EBA280E254}.Debug|Any CPU.ActiveCfg = Debug|Any CPU
		{FEE32D0F-9E95-4506-9C4A-51EBA280E254}.Debug|Any CPU.Build.0 = Debug|Any CPU
		{FEE32D0F-9E95-4506-9C4A-51EBA280E254}.Release|Any CPU.ActiveCfg = Release|Any CPU
		{FEE32D0F-9E95-4506-9C4A-51EBA280E254}.Release|Any CPU.Build.0 = Release|Any CPU
		{7C9A3C15-F646-4397-BAC7-F1232DEA9466}.Debug|Any CPU.ActiveCfg = Debug|Any CPU
		{7C9A3C15-F646-4397-BAC7-F1232DEA9466}.Debug|Any CPU.Build.0 = Debug|Any CPU
		{7C9A3C15-F646-4397-BAC7-F1232DEA9466}.Release|Any CPU.ActiveCfg = Release|Any CPU
		{7C9A3C15-F646-4397-BAC7-F1232DEA9466}.Release|Any CPU.Build.0 = Release|Any CPU
	EndGlobalSection
	GlobalSection(SolutionProperties) = preSolution
		HideSolutionNode = FALSE
	EndGlobalSection
	GlobalSection(ExtensibilityGlobals) = postSolution
		SolutionGuid = {85F02D30-D0D4-4273-B670-2EE02B70EF3E}
	EndGlobalSection
EndGlobal
